
Microsoft Visual Studio Solution File, Format Version 12.00
# Visual Studio Version 17
VisualStudioVersion = 17.0.31903.59
MinimumVisualStudioVersion = 10.0.40219.1
Project("{FAE04EC0-301F-11D3-BF4B-00C04F79EFBC}") = "FrontEnd.Web", "FrontEnd.Web\FrontEnd.Web.csproj", "{4DFA8CC6-FAE5-4BCF-9B46-23B1A4CEAAAC}"
EndProject
Project("{FAE04EC0-301F-11D3-BF4B-00C04F79EFBC}") = "Recipes.Public", "..\Recipes\Recipes.Public\Recipes.Public.csproj", "{60E40EB5-CDF0-46D5-9E45-E02562676532}"
EndProject
Project("{FAE04EC0-301F-11D3-BF4B-00C04F79EFBC}") = "Identity.Public", "..\Identity\Identity.Public\Identity.Public.csproj", "{A9C04BD3-DF1D-49B2-B590-8E461C4A320F}"
EndProject
Global
	GlobalSection(SolutionConfigurationPlatforms) = preSolution
		Debug|Any CPU = Debug|Any CPU
		Release|Any CPU = Release|Any CPU
	EndGlobalSection
	GlobalSection(SolutionProperties) = preSolution
		HideSolutionNode = FALSE
	EndGlobalSection
	GlobalSection(ProjectConfigurationPlatforms) = postSolution
		{4DFA8CC6-FAE5-4BCF-9B46-23B1A4CEAAAC}.Debug|Any CPU.ActiveCfg = Debug|Any CPU
		{4DFA8CC6-FAE5-4BCF-9B46-23B1A4CEAAAC}.Debug|Any CPU.Build.0 = Debug|Any CPU
		{4DFA8CC6-FAE5-4BCF-9B46-23B1A4CEAAAC}.Release|Any CPU.ActiveCfg = Release|Any CPU
		{4DFA8CC6-FAE5-4BCF-9B46-23B1A4CEAAAC}.Release|Any CPU.Build.0 = Release|Any CPU
		{60E40EB5-CDF0-46D5-9E45-E02562676532}.Debug|Any CPU.ActiveCfg = Debug|Any CPU
		{60E40EB5-CDF0-46D5-9E45-E02562676532}.Debug|Any CPU.Build.0 = Debug|Any CPU
		{60E40EB5-CDF0-46D5-9E45-E02562676532}.Release|Any CPU.ActiveCfg = Release|Any CPU
		{60E40EB5-CDF0-46D5-9E45-E02562676532}.Release|Any CPU.Build.0 = Release|Any CPU
		{A9C04BD3-DF1D-49B2-B590-8E461C4A320F}.Debug|Any CPU.ActiveCfg = Debug|Any CPU
		{A9C04BD3-DF1D-49B2-B590-8E461C4A320F}.Debug|Any CPU.Build.0 = Debug|Any CPU
		{A9C04BD3-DF1D-49B2-B590-8E461C4A320F}.Release|Any CPU.ActiveCfg = Release|Any CPU
		{A9C04BD3-DF1D-49B2-B590-8E461C4A320F}.Release|Any CPU.Build.0 = Release|Any CPU
	EndGlobalSection
EndGlobal
